
Microsoft Visual Studio Solution File, Format Version 12.00
# Visual Studio Version 17
VisualStudioVersion = 17.11.35222.181
MinimumVisualStudioVersion = 10.0.40219.1
Project("{FAE04EC0-301F-11D3-BF4B-00C04F79EFBC}") = "GUI_Dinamica", "GUI_Dinamica\GUI_Dinamica.csproj", "{EADE3CE8-F4C0-4917-A2B2-324FA6FBA9B5}"
EndProject
Global
	GlobalSection(SolutionConfigurationPlatforms) = preSolution
		Debug|Any CPU = Debug|Any CPU
		Release|Any CPU = Release|Any CPU
	EndGlobalSection
	GlobalSection(ProjectConfigurationPlatforms) = postSolution
		{EADE3CE8-F4C0-4917-A2B2-324FA6FBA9B5}.Debug|Any CPU.ActiveCfg = Debug|Any CPU
		{EADE3CE8-F4C0-4917-A2B2-324FA6FBA9B5}.Debug|Any CPU.Build.0 = Debug|Any CPU
		{EADE3CE8-F4C0-4917-A2B2-324FA6FBA9B5}.Release|Any CPU.ActiveCfg = Release|Any CPU
		{EADE3CE8-F4C0-4917-A2B2-324FA6FBA9B5}.Release|Any CPU.Build.0 = Release|Any CPU
	EndGlobalSection
	GlobalSection(SolutionProperties) = preSolution
		HideSolutionNode = FALSE
	EndGlobalSection
	GlobalSection(ExtensibilityGlobals) = postSolution
		SolutionGuid = {48B76414-44FB-44B6-B9CA-2EBECAA5AC86}
	EndGlobalSection
EndGlobal
